
Microsoft Visual Studio Solution File, Format Version 12.00
# Visual Studio Version 17
VisualStudioVersion = 17.3.32811.315
MinimumVisualStudioVersion = 10.0.40219.1
Project("{9A19103F-16F7-4668-BE54-9A1E7A4F7556}") = "ShopOnline.Web", "ShopOnline.Web\ShopOnline.Web.csproj", "{0DB0E25D-E40E-484F-8E19-90C2A020E6B5}"
EndProject
Project("{9A19103F-16F7-4668-BE54-9A1E7A4F7556}") = "ShopOnline.Api", "ShopOnline.Api\ShopOnline.Api.csproj", "{FE082437-2D98-455B-8AB3-248C0FF665A0}"
EndProject
Project("{FAE04EC0-301F-11D3-BF4B-00C04F79EFBC}") = "ShopOnline.Models", "ShopOnline.Models\ShopOnline.Models.csproj", "{5E4DD9DD-A85B-4D50-8CC7-A9C9D4007D09}"
EndProject
Global
	GlobalSection(SolutionConfigurationPlatforms) = preSolution
		Debug|Any CPU = Debug|Any CPU
		Release|Any CPU = Release|Any CPU
	EndGlobalSection
	GlobalSection(ProjectConfigurationPlatforms) = postSolution
		{0DB0E25D-E40E-484F-8E19-90C2A020E6B5}.Debug|Any CPU.ActiveCfg = Debug|Any CPU
		{0DB0E25D-E40E-484F-8E19-90C2A020E6B5}.Debug|Any CPU.Build.0 = Debug|Any CPU
		{0DB0E25D-E40E-484F-8E19-90C2A020E6B5}.Release|Any CPU.ActiveCfg = Release|Any CPU
		{0DB0E25D-E40E-484F-8E19-90C2A020E6B5}.Release|Any CPU.Build.0 = Release|Any CPU
		{FE082437-2D98-455B-8AB3-248C0FF665A0}.Debug|Any CPU.ActiveCfg = Debug|Any CPU
		{FE082437-2D98-455B-8AB3-248C0FF665A0}.Debug|Any CPU.Build.0 = Debug|Any CPU
		{FE082437-2D98-455B-8AB3-248C0FF665A0}.Release|Any CPU.ActiveCfg = Release|Any CPU
		{FE082437-2D98-455B-8AB3-248C0FF665A0}.Release|Any CPU.Build.0 = Release|Any CPU
		{5E4DD9DD-A85B-4D50-8CC7-A9C9D4007D09}.Debug|Any CPU.ActiveCfg = Debug|Any CPU
		{5E4DD9DD-A85B-4D50-8CC7-A9C9D4007D09}.Debug|Any CPU.Build.0 = Debug|Any CPU
		{5E4DD9DD-A85B-4D50-8CC7-A9C9D4007D09}.Release|Any CPU.ActiveCfg = Release|Any CPU
		{5E4DD9DD-A85B-4D50-8CC7-A9C9D4007D09}.Release|Any CPU.Build.0 = Release|Any CPU
	EndGlobalSection
	GlobalSection(SolutionProperties) = preSolution
		HideSolutionNode = FALSE
	EndGlobalSection
	GlobalSection(ExtensibilityGlobals) = postSolution
		SolutionGuid = {2CF7ACB0-55CF-466D-99BB-AD350445A34F}
	EndGlobalSection
EndGlobal
